
Microsoft Visual Studio Solution File, Format Version 12.00
# Visual Studio 2012
Project("{8BC9CEB8-8B4A-11D0-8D11-00A0C91BC942}") = "libBox2D", "external\Box2D\proj.win32\Box2D.vcxproj", "{929480E7-23C0-4DF6-8456-096D71547116}"
EndProject
Project("{8BC9CEB8-8B4A-11D0-8D11-00A0C91BC942}") = "libchipmunk", "external\chipmunk\proj.win32\chipmunk.vcxproj", "{207BC7A9-CCF1-4F2F-A04D-45F72242AE25}"
EndProject
Project("{8BC9CEB8-8B4A-11D0-8D11-00A0C91BC942}") = "libCocosDenshion", "CocosDenshion\proj.win32\CocosDenshion.vcxproj", "{F8EDD7FA-9A51-4E80-BAEB-860825D2EAC6}"
	ProjectSection(ProjectDependencies) = postProject
		{98A51BA8-FC3A-415B-AC8F-8C7BD464E93E} = {98A51BA8-FC3A-415B-AC8F-8C7BD464E93E}
	EndProjectSection
EndProject
Project("{8BC9CEB8-8B4A-11D0-8D11-00A0C91BC942}") = "libcocos2d", "cocos2dx\proj.win32\cocos2d.vcxproj", "{98A51BA8-FC3A-415B-AC8F-8C7BD464E93E}"
EndProject
Project("{8BC9CEB8-8B4A-11D0-8D11-00A0C91BC942}") = "liblua", "scripting\lua\proj.win32\liblua.vcxproj", "{DDC3E27F-004D-4DD4-9DD3-931A013D2159}"
	ProjectSection(ProjectDependencies) = postProject
		{21B2C324-891F-48EA-AD1A-5AE13DE12E28} = {21B2C324-891F-48EA-AD1A-5AE13DE12E28}
		{98A51BA8-FC3A-415B-AC8F-8C7BD464E93E} = {98A51BA8-FC3A-415B-AC8F-8C7BD464E93E}
		{F8EDD7FA-9A51-4E80-BAEB-860825D2EAC6} = {F8EDD7FA-9A51-4E80-BAEB-860825D2EAC6}
	EndProjectSection
EndProject
Project("{8BC9CEB8-8B4A-11D0-8D11-00A0C91BC942}") = "libExtensions", "extensions\proj.win32\libExtensions.vcxproj", "{21B2C324-891F-48EA-AD1A-5AE13DE12E28}"
	ProjectSection(ProjectDependencies) = postProject
		{98A51BA8-FC3A-415B-AC8F-8C7BD464E93E} = {98A51BA8-FC3A-415B-AC8F-8C7BD464E93E}
		{207BC7A9-CCF1-4F2F-A04D-45F72242AE25} = {207BC7A9-CCF1-4F2F-A04D-45F72242AE25}
		{F8EDD7FA-9A51-4E80-BAEB-860825D2EAC6} = {F8EDD7FA-9A51-4E80-BAEB-860825D2EAC6}
	EndProjectSection
EndProject
Project("{8BC9CEB8-8B4A-11D0-8D11-00A0C91BC942}") = "libJSBinding", "scripting\javascript\bindings\proj.win32\libJSBinding.vcxproj", "{39379840-825A-45A0-B363-C09FFEF864BD}"
	ProjectSection(ProjectDependencies) = postProject
		{21B2C324-891F-48EA-AD1A-5AE13DE12E28} = {21B2C324-891F-48EA-AD1A-5AE13DE12E28}
		{98A51BA8-FC3A-415B-AC8F-8C7BD464E93E} = {98A51BA8-FC3A-415B-AC8F-8C7BD464E93E}
		{F8EDD7FA-9A51-4E80-BAEB-860825D2EAC6} = {F8EDD7FA-9A51-4E80-BAEB-860825D2EAC6}
	EndProjectSection
EndProject
Project("{8BC9CEB8-8B4A-11D0-8D11-00A0C91BC942}") = "HelloCpp", "proj.win32\HelloCpp.vcxproj", "{B8BF9E81-35FD-4582-BA1C-B85FA365BABB}"
EndProject
Project("{8BC9CEB8-8B4A-11D0-8D11-00A0C91BC942}") = "TestCpp", "samples\Cpp\TestCpp\proj.win32\TestCpp.vcxproj", "{76A39BB2-9B84-4C65-98A5-654D86B86F2A}"
EndProject
Project("{8BC9CEB8-8B4A-11D0-8D11-00A0C91BC942}") = "jansson", "libpomelo\deps\jansson\jansson.vcxproj", "{3DA9E8B6-0455-D04B-1985-3748BF80674F}"
EndProject
Project("{8BC9CEB8-8B4A-11D0-8D11-00A0C91BC942}") = "libuv", "libpomelo\deps\uv\libuv.vcxproj", "{4E582DA0-68E2-8A52-01DE-340B47888102}"
EndProject
Project("{8BC9CEB8-8B4A-11D0-8D11-00A0C91BC942}") = "libpomelo", "libpomelo\libpomelo.vcxproj", "{543F80B6-3DFF-A8DD-BE51-FB9314D6B234}"
EndProject
Global
	GlobalSection(SolutionConfigurationPlatforms) = preSolution
		Debug|Win32 = Debug|Win32
		Default|Win32 = Default|Win32
		Release|Win32 = Release|Win32
	EndGlobalSection
	GlobalSection(ProjectConfigurationPlatforms) = postSolution
		{929480E7-23C0-4DF6-8456-096D71547116}.Debug|Win32.ActiveCfg = Debug|Win32
		{929480E7-23C0-4DF6-8456-096D71547116}.Debug|Win32.Build.0 = Debug|Win32
		{929480E7-23C0-4DF6-8456-096D71547116}.Default|Win32.ActiveCfg = Debug|Win32
		{929480E7-23C0-4DF6-8456-096D71547116}.Default|Win32.Build.0 = Debug|Win32
		{929480E7-23C0-4DF6-8456-096D71547116}.Release|Win32.ActiveCfg = Release|Win32
		{929480E7-23C0-4DF6-8456-096D71547116}.Release|Win32.Build.0 = Release|Win32
		{207BC7A9-CCF1-4F2F-A04D-45F72242AE25}.Debug|Win32.ActiveCfg = Debug|Win32
		{207BC7A9-CCF1-4F2F-A04D-45F72242AE25}.Debug|Win32.Build.0 = Debug|Win32
		{207BC7A9-CCF1-4F2F-A04D-45F72242AE25}.Default|Win32.ActiveCfg = Debug|Win32
		{207BC7A9-CCF1-4F2F-A04D-45F72242AE25}.Default|Win32.Build.0 = Debug|Win32
		{207BC7A9-CCF1-4F2F-A04D-45F72242AE25}.Release|Win32.ActiveCfg = Release|Win32
		{207BC7A9-CCF1-4F2F-A04D-45F72242AE25}.Release|Win32.Build.0 = Release|Win32
		{F8EDD7FA-9A51-4E80-BAEB-860825D2EAC6}.Debug|Win32.ActiveCfg = Debug|Win32
		{F8EDD7FA-9A51-4E80-BAEB-860825D2EAC6}.Debug|Win32.Build.0 = Debug|Win32
		{F8EDD7FA-9A51-4E80-BAEB-860825D2EAC6}.Default|Win32.ActiveCfg = Debug|Win32
		{F8EDD7FA-9A51-4E80-BAEB-860825D2EAC6}.Default|Win32.Build.0 = Debug|Win32
		{F8EDD7FA-9A51-4E80-BAEB-860825D2EAC6}.Release|Win32.ActiveCfg = Release|Win32
		{F8EDD7FA-9A51-4E80-BAEB-860825D2EAC6}.Release|Win32.Build.0 = Release|Win32
		{98A51BA8-FC3A-415B-AC8F-8C7BD464E93E}.Debug|Win32.ActiveCfg = Debug|Win32
		{98A51BA8-FC3A-415B-AC8F-8C7BD464E93E}.Debug|Win32.Build.0 = Debug|Win32
		{98A51BA8-FC3A-415B-AC8F-8C7BD464E93E}.Default|Win32.ActiveCfg = Debug|Win32
		{98A51BA8-FC3A-415B-AC8F-8C7BD464E93E}.Default|Win32.Build.0 = Debug|Win32
		{98A51BA8-FC3A-415B-AC8F-8C7BD464E93E}.Release|Win32.ActiveCfg = Release|Win32
		{98A51BA8-FC3A-415B-AC8F-8C7BD464E93E}.Release|Win32.Build.0 = Release|Win32
		{DDC3E27F-004D-4DD4-9DD3-931A013D2159}.Debug|Win32.ActiveCfg = Debug|Win32
		{DDC3E27F-004D-4DD4-9DD3-931A013D2159}.Debug|Win32.Build.0 = Debug|Win32
		{DDC3E27F-004D-4DD4-9DD3-931A013D2159}.Default|Win32.ActiveCfg = Debug|Win32
		{DDC3E27F-004D-4DD4-9DD3-931A013D2159}.Default|Win32.Build.0 = Debug|Win32
		{DDC3E27F-004D-4DD4-9DD3-931A013D2159}.Release|Win32.ActiveCfg = Release|Win32
		{DDC3E27F-004D-4DD4-9DD3-931A013D2159}.Release|Win32.Build.0 = Release|Win32
		{21B2C324-891F-48EA-AD1A-5AE13DE12E28}.Debug|Win32.ActiveCfg = Debug|Win32
		{21B2C324-891F-48EA-AD1A-5AE13DE12E28}.Debug|Win32.Build.0 = Debug|Win32
		{21B2C324-891F-48EA-AD1A-5AE13DE12E28}.Default|Win32.ActiveCfg = Debug|Win32
		{21B2C324-891F-48EA-AD1A-5AE13DE12E28}.Default|Win32.Build.0 = Debug|Win32
		{21B2C324-891F-48EA-AD1A-5AE13DE12E28}.Release|Win32.ActiveCfg = Release|Win32
		{21B2C324-891F-48EA-AD1A-5AE13DE12E28}.Release|Win32.Build.0 = Release|Win32
		{39379840-825A-45A0-B363-C09FFEF864BD}.Debug|Win32.ActiveCfg = Debug|Win32
		{39379840-825A-45A0-B363-C09FFEF864BD}.Debug|Win32.Build.0 = Debug|Win32
		{39379840-825A-45A0-B363-C09FFEF864BD}.Default|Win32.ActiveCfg = Debug|Win32
		{39379840-825A-45A0-B363-C09FFEF864BD}.Default|Win32.Build.0 = Debug|Win32
		{39379840-825A-45A0-B363-C09FFEF864BD}.Release|Win32.ActiveCfg = Release|Win32
		{39379840-825A-45A0-B363-C09FFEF864BD}.Release|Win32.Build.0 = Release|Win32
		{B8BF9E81-35FD-4582-BA1C-B85FA365BABB}.Debug|Win32.ActiveCfg = Debug|Win32
		{B8BF9E81-35FD-4582-BA1C-B85FA365BABB}.Debug|Win32.Build.0 = Debug|Win32
		{B8BF9E81-35FD-4582-BA1C-B85FA365BABB}.Default|Win32.ActiveCfg = Debug|Win32
		{B8BF9E81-35FD-4582-BA1C-B85FA365BABB}.Default|Win32.Build.0 = Debug|Win32
		{B8BF9E81-35FD-4582-BA1C-B85FA365BABB}.Release|Win32.ActiveCfg = Release|Win32
		{B8BF9E81-35FD-4582-BA1C-B85FA365BABB}.Release|Win32.Build.0 = Release|Win32
		{76A39BB2-9B84-4C65-98A5-654D86B86F2A}.Debug|Win32.ActiveCfg = Debug|Win32
		{76A39BB2-9B84-4C65-98A5-654D86B86F2A}.Debug|Win32.Build.0 = Debug|Win32
		{76A39BB2-9B84-4C65-98A5-654D86B86F2A}.Default|Win32.ActiveCfg = Debug|Win32
		{76A39BB2-9B84-4C65-98A5-654D86B86F2A}.Release|Win32.ActiveCfg = Release|Win32
		{76A39BB2-9B84-4C65-98A5-654D86B86F2A}.Release|Win32.Build.0 = Release|Win32
		{3DA9E8B6-0455-D04B-1985-3748BF80674F}.Debug|Win32.ActiveCfg = Default|Win32
		{3DA9E8B6-0455-D04B-1985-3748BF80674F}.Debug|Win32.Build.0 = Default|Win32
		{3DA9E8B6-0455-D04B-1985-3748BF80674F}.Default|Win32.ActiveCfg = Default|Win32
		{3DA9E8B6-0455-D04B-1985-3748BF80674F}.Default|Win32.Build.0 = Default|Win32
		{3DA9E8B6-0455-D04B-1985-3748BF80674F}.Release|Win32.ActiveCfg = Default|Win32
		{3DA9E8B6-0455-D04B-1985-3748BF80674F}.Release|Win32.Build.0 = Default|Win32
		{4E582DA0-68E2-8A52-01DE-340B47888102}.Debug|Win32.ActiveCfg = Default|Win32
		{4E582DA0-68E2-8A52-01DE-340B47888102}.Debug|Win32.Build.0 = Default|Win32
		{4E582DA0-68E2-8A52-01DE-340B47888102}.Default|Win32.ActiveCfg = Default|Win32
		{4E582DA0-68E2-8A52-01DE-340B47888102}.Default|Win32.Build.0 = Default|Win32
		{4E582DA0-68E2-8A52-01DE-340B47888102}.Release|Win32.ActiveCfg = Default|Win32
		{4E582DA0-68E2-8A52-01DE-340B47888102}.Release|Win32.Build.0 = Default|Win32
		{543F80B6-3DFF-A8DD-BE51-FB9314D6B234}.Debug|Win32.ActiveCfg = Default|Win32
		{543F80B6-3DFF-A8DD-BE51-FB9314D6B234}.Debug|Win32.Build.0 = Default|Win32
		{543F80B6-3DFF-A8DD-BE51-FB9314D6B234}.Default|Win32.ActiveCfg = Default|Win32
		{543F80B6-3DFF-A8DD-BE51-FB9314D6B234}.Default|Win32.Build.0 = Default|Win32
		{543F80B6-3DFF-A8DD-BE51-FB9314D6B234}.Release|Win32.ActiveCfg = Default|Win32
		{543F80B6-3DFF-A8DD-BE51-FB9314D6B234}.Release|Win32.Build.0 = Default|Win32
	EndGlobalSection
	GlobalSection(SolutionProperties) = preSolution
		HideSolutionNode = FALSE
	EndGlobalSection
	GlobalSection(DPCodeReviewSolutionGUID) = preSolution
		DPCodeReviewSolutionGUID = {00000000-0000-0000-0000-000000000000}
	EndGlobalSection
	GlobalSection(DPCodeReviewSolutionGUID) = preSolution
		DPCodeReviewSolutionGUID = {00000000-0000-0000-0000-000000000000}
	EndGlobalSection
EndGlobal
